
Microsoft Visual Studio Solution File, Format Version 12.00
# Visual Studio Version 17
VisualStudioVersion = 17.9.34607.119
MinimumVisualStudioVersion = 10.0.40219.1
Project("{FAE04EC0-301F-11D3-BF4B-00C04F79EFBC}") = "Q4_Thinking_In_Objects", "Q4_Thinking_In_Objects\Q4_Thinking_In_Objects.csproj", "{0D1D4A97-2CC6-4DBB-BABA-556F2B893A03}"
EndProject
Global
	GlobalSection(SolutionConfigurationPlatforms) = preSolution
		Debug|Any CPU = Debug|Any CPU
		Release|Any CPU = Release|Any CPU
	EndGlobalSection
	GlobalSection(ProjectConfigurationPlatforms) = postSolution
		{0D1D4A97-2CC6-4DBB-BABA-556F2B893A03}.Debug|Any CPU.ActiveCfg = Debug|Any CPU
		{0D1D4A97-2CC6-4DBB-BABA-556F2B893A03}.Debug|Any CPU.Build.0 = Debug|Any CPU
		{0D1D4A97-2CC6-4DBB-BABA-556F2B893A03}.Release|Any CPU.ActiveCfg = Release|Any CPU
		{0D1D4A97-2CC6-4DBB-BABA-556F2B893A03}.Release|Any CPU.Build.0 = Release|Any CPU
	EndGlobalSection
	GlobalSection(SolutionProperties) = preSolution
		HideSolutionNode = FALSE
	EndGlobalSection
	GlobalSection(ExtensibilityGlobals) = postSolution
		SolutionGuid = {82C36C25-4457-4329-B129-2479A09FA441}
	EndGlobalSection
EndGlobal
